
Microsoft Visual Studio Solution File, Format Version 12.00
# Visual Studio Version 17
VisualStudioVersion = 17.7.34031.279
MinimumVisualStudioVersion = 10.0.40219.1
Project("{FAE04EC0-301F-11D3-BF4B-00C04F79EFBC}") = "TextEditor", "TextEditor\TextEditor.csproj", "{90B09773-1EF8-424B-A891-B95F8E998543}"
EndProject
Global
	GlobalSection(SolutionConfigurationPlatforms) = preSolution
		Debug|Any CPU = Debug|Any CPU
		Release|Any CPU = Release|Any CPU
	EndGlobalSection
	GlobalSection(ProjectConfigurationPlatforms) = postSolution
		{90B09773-1EF8-424B-A891-B95F8E998543}.Debug|Any CPU.ActiveCfg = Debug|Any CPU
		{90B09773-1EF8-424B-A891-B95F8E998543}.Debug|Any CPU.Build.0 = Debug|Any CPU
		{90B09773-1EF8-424B-A891-B95F8E998543}.Release|Any CPU.ActiveCfg = Release|Any CPU
		{90B09773-1EF8-424B-A891-B95F8E998543}.Release|Any CPU.Build.0 = Release|Any CPU
	EndGlobalSection
	GlobalSection(SolutionProperties) = preSolution
		HideSolutionNode = FALSE
	EndGlobalSection
	GlobalSection(ExtensibilityGlobals) = postSolution
		SolutionGuid = {14AF0261-A980-4097-A013-508C34B3134B}
	EndGlobalSection
EndGlobal
