
Microsoft Visual Studio Solution File, Format Version 12.00
# Visual Studio Version 17
VisualStudioVersion = 17.7.34031.279
MinimumVisualStudioVersion = 10.0.40219.1
Project("{FAE04EC0-301F-11D3-BF4B-00C04F79EFBC}") = "ListsDotnet", "ListsDotnet\ListsDotnet.csproj", "{10137270-9BE8-4F97-8538-2646CC385410}"
EndProject
Global
	GlobalSection(SolutionConfigurationPlatforms) = preSolution
		Debug|Any CPU = Debug|Any CPU
		Release|Any CPU = Release|Any CPU
	EndGlobalSection
	GlobalSection(ProjectConfigurationPlatforms) = postSolution
		{10137270-9BE8-4F97-8538-2646CC385410}.Debug|Any CPU.ActiveCfg = Debug|Any CPU
		{10137270-9BE8-4F97-8538-2646CC385410}.Debug|Any CPU.Build.0 = Debug|Any CPU
		{10137270-9BE8-4F97-8538-2646CC385410}.Release|Any CPU.ActiveCfg = Release|Any CPU
		{10137270-9BE8-4F97-8538-2646CC385410}.Release|Any CPU.Build.0 = Release|Any CPU
	EndGlobalSection
	GlobalSection(SolutionProperties) = preSolution
		HideSolutionNode = FALSE
	EndGlobalSection
	GlobalSection(ExtensibilityGlobals) = postSolution
		SolutionGuid = {EE2C6441-EADA-4B54-BDE1-072253AE5240}
	EndGlobalSection
EndGlobal
