
Microsoft Visual Studio Solution File, Format Version 12.00
# Visual Studio Version 17
VisualStudioVersion = 17.6.33815.320
MinimumVisualStudioVersion = 10.0.40219.1
Project("{FAE04EC0-301F-11D3-BF4B-00C04F79EFBC}") = "try02", "try02\try02.csproj", "{A70938EB-34AE-4057-9332-02E3DCC80364}"
EndProject
Global
	GlobalSection(SolutionConfigurationPlatforms) = preSolution
		Debug|Any CPU = Debug|Any CPU
		Release|Any CPU = Release|Any CPU
	EndGlobalSection
	GlobalSection(ProjectConfigurationPlatforms) = postSolution
		{A70938EB-34AE-4057-9332-02E3DCC80364}.Debug|Any CPU.ActiveCfg = Debug|Any CPU
		{A70938EB-34AE-4057-9332-02E3DCC80364}.Debug|Any CPU.Build.0 = Debug|Any CPU
		{A70938EB-34AE-4057-9332-02E3DCC80364}.Release|Any CPU.ActiveCfg = Release|Any CPU
		{A70938EB-34AE-4057-9332-02E3DCC80364}.Release|Any CPU.Build.0 = Release|Any CPU
	EndGlobalSection
	GlobalSection(SolutionProperties) = preSolution
		HideSolutionNode = FALSE
	EndGlobalSection
	GlobalSection(ExtensibilityGlobals) = postSolution
		SolutionGuid = {CEA14F9A-8F89-4E39-AD39-B5648BE12EB5}
	EndGlobalSection
EndGlobal
