
Microsoft Visual Studio Solution File, Format Version 12.00
# Visual Studio Version 17
VisualStudioVersion = 17.6.33815.320
MinimumVisualStudioVersion = 10.0.40219.1
Project("{FAE04EC0-301F-11D3-BF4B-00C04F79EFBC}") = "ScreenSoundOO", "ScreenSoundOO\ScreenSoundOO.csproj", "{15FBB449-71F3-4921-9360-1189BFA20C7D}"
EndProject
Global
	GlobalSection(SolutionConfigurationPlatforms) = preSolution
		Debug|Any CPU = Debug|Any CPU
		Release|Any CPU = Release|Any CPU
	EndGlobalSection
	GlobalSection(ProjectConfigurationPlatforms) = postSolution
		{15FBB449-71F3-4921-9360-1189BFA20C7D}.Debug|Any CPU.ActiveCfg = Debug|Any CPU
		{15FBB449-71F3-4921-9360-1189BFA20C7D}.Debug|Any CPU.Build.0 = Debug|Any CPU
		{15FBB449-71F3-4921-9360-1189BFA20C7D}.Release|Any CPU.ActiveCfg = Release|Any CPU
		{15FBB449-71F3-4921-9360-1189BFA20C7D}.Release|Any CPU.Build.0 = Release|Any CPU
	EndGlobalSection
	GlobalSection(SolutionProperties) = preSolution
		HideSolutionNode = FALSE
	EndGlobalSection
	GlobalSection(ExtensibilityGlobals) = postSolution
		SolutionGuid = {416ABA97-A8C0-4D46-9501-B1B5184ACBF6}
	EndGlobalSection
EndGlobal
